
Microsoft Visual Studio Solution File, Format Version 12.00
# Visual Studio Version 16
VisualStudioVersion = 16.0.29709.97
MinimumVisualStudioVersion = 10.0.40219.1
Project("{FAE04EC0-301F-11D3-BF4B-00C04F79EFBC}") = "WpfTotalnik", "WpfTotalnik.csproj", "{FF02C55C-BB53-4331-BD32-D7DFE7262CDA}"
EndProject
Global
	GlobalSection(SolutionConfigurationPlatforms) = preSolution
		Debug|Any CPU = Debug|Any CPU
		Release|Any CPU = Release|Any CPU
	EndGlobalSection
	GlobalSection(ProjectConfigurationPlatforms) = postSolution
		{FF02C55C-BB53-4331-BD32-D7DFE7262CDA}.Debug|Any CPU.ActiveCfg = Debug|Any CPU
		{FF02C55C-BB53-4331-BD32-D7DFE7262CDA}.Debug|Any CPU.Build.0 = Debug|Any CPU
		{FF02C55C-BB53-4331-BD32-D7DFE7262CDA}.Release|Any CPU.ActiveCfg = Release|Any CPU
		{FF02C55C-BB53-4331-BD32-D7DFE7262CDA}.Release|Any CPU.Build.0 = Release|Any CPU
	EndGlobalSection
	GlobalSection(SolutionProperties) = preSolution
		HideSolutionNode = FALSE
	EndGlobalSection
	GlobalSection(ExtensibilityGlobals) = postSolution
		SolutionGuid = {ED684311-3DE2-4693-8C0D-83BB05750CF1}
	EndGlobalSection
EndGlobal
